
Microsoft Visual Studio Solution File, Format Version 12.00
# Visual Studio Version 17
VisualStudioVersion = 17.3.32811.315
MinimumVisualStudioVersion = 10.0.40219.1
Project("{FAE04EC0-301F-11D3-BF4B-00C04F79EFBC}") = "Group_Project_PRG2782", "Group_Project_PRG2782.csproj", "{AC2E2AD9-1A39-46AF-A5E4-F4F753EBD2BD}"
EndProject
Global
	GlobalSection(SolutionConfigurationPlatforms) = preSolution
		Debug|Any CPU = Debug|Any CPU
		Release|Any CPU = Release|Any CPU
	EndGlobalSection
	GlobalSection(ProjectConfigurationPlatforms) = postSolution
		{AC2E2AD9-1A39-46AF-A5E4-F4F753EBD2BD}.Debug|Any CPU.ActiveCfg = Debug|Any CPU
		{AC2E2AD9-1A39-46AF-A5E4-F4F753EBD2BD}.Debug|Any CPU.Build.0 = Debug|Any CPU
		{AC2E2AD9-1A39-46AF-A5E4-F4F753EBD2BD}.Release|Any CPU.ActiveCfg = Release|Any CPU
		{AC2E2AD9-1A39-46AF-A5E4-F4F753EBD2BD}.Release|Any CPU.Build.0 = Release|Any CPU
	EndGlobalSection
	GlobalSection(SolutionProperties) = preSolution
		HideSolutionNode = FALSE
	EndGlobalSection
	GlobalSection(ExtensibilityGlobals) = postSolution
		SolutionGuid = {5B0C2EEE-BEAB-4342-9B4C-4E3D3A6A778D}
	EndGlobalSection
EndGlobal
